
Microsoft Visual Studio Solution File, Format Version 12.00
# Visual Studio 14
VisualStudioVersion = 14.0.25420.1
MinimumVisualStudioVersion = 10.0.40219.1
Project("{FAE04EC0-301F-11D3-BF4B-00C04F79EFBC}") = "Server", "Server\Server.csproj", "{2C739580-7F35-42F7-8D0D-349F509E54F1}"
EndProject
Project("{FAE04EC0-301F-11D3-BF4B-00C04F79EFBC}") = "ServerTools", "ServerTools\ServerTools.csproj", "{0F491ECE-F6F1-4519-B768-A73B3658F227}"
EndProject
Project("{FAE04EC0-301F-11D3-BF4B-00C04F79EFBC}") = "GameProtocol", "GameProtocol\GameProtocol.csproj", "{47FAA472-064E-467F-85F4-DEC25F955657}"
EndProject
Global
	GlobalSection(SolutionConfigurationPlatforms) = preSolution
		Debug|Any CPU = Debug|Any CPU
		Release|Any CPU = Release|Any CPU
	EndGlobalSection
	GlobalSection(ProjectConfigurationPlatforms) = postSolution
		{2C739580-7F35-42F7-8D0D-349F509E54F1}.Debug|Any CPU.ActiveCfg = Debug|Any CPU
		{2C739580-7F35-42F7-8D0D-349F509E54F1}.Debug|Any CPU.Build.0 = Debug|Any CPU
		{2C739580-7F35-42F7-8D0D-349F509E54F1}.Release|Any CPU.ActiveCfg = Release|Any CPU
		{2C739580-7F35-42F7-8D0D-349F509E54F1}.Release|Any CPU.Build.0 = Release|Any CPU
		{0F491ECE-F6F1-4519-B768-A73B3658F227}.Debug|Any CPU.ActiveCfg = Debug|Any CPU
		{0F491ECE-F6F1-4519-B768-A73B3658F227}.Debug|Any CPU.Build.0 = Debug|Any CPU
		{0F491ECE-F6F1-4519-B768-A73B3658F227}.Release|Any CPU.ActiveCfg = Release|Any CPU
		{0F491ECE-F6F1-4519-B768-A73B3658F227}.Release|Any CPU.Build.0 = Release|Any CPU
		{47FAA472-064E-467F-85F4-DEC25F955657}.Debug|Any CPU.ActiveCfg = Debug|Any CPU
		{47FAA472-064E-467F-85F4-DEC25F955657}.Debug|Any CPU.Build.0 = Debug|Any CPU
		{47FAA472-064E-467F-85F4-DEC25F955657}.Release|Any CPU.ActiveCfg = Release|Any CPU
		{47FAA472-064E-467F-85F4-DEC25F955657}.Release|Any CPU.Build.0 = Release|Any CPU
	EndGlobalSection
	GlobalSection(SolutionProperties) = preSolution
		HideSolutionNode = FALSE
	EndGlobalSection
EndGlobal
